
Microsoft Visual Studio Solution File, Format Version 12.00
# Visual Studio 14
VisualStudioVersion = 14.0.24720.0
MinimumVisualStudioVersion = 10.0.40219.1
Project("{FAE04EC0-301F-11D3-BF4B-00C04F79EFBC}") = "Demo 4 exercises", "Demo 4 exercises\Demo 4 exercises.csproj", "{050AFD37-5F4A-4537-ACD8-E72AC924721A}"
EndProject
Project("{FAE04EC0-301F-11D3-BF4B-00C04F79EFBC}") = "Perintä harjoitus", "Perintä harjoitus\Perintä harjoitus.csproj", "{B3AA446C-C7DD-4D54-9940-CE86FF9554DC}"
EndProject
Project("{FAE04EC0-301F-11D3-BF4B-00C04F79EFBC}") = "Animal exercises", "Animal exercises\Animal exercises.csproj", "{05B70377-257B-4BBB-B612-55112C38CF07}"
EndProject
Global
	GlobalSection(SolutionConfigurationPlatforms) = preSolution
		Debug|Any CPU = Debug|Any CPU
		Release|Any CPU = Release|Any CPU
	EndGlobalSection
	GlobalSection(ProjectConfigurationPlatforms) = postSolution
		{050AFD37-5F4A-4537-ACD8-E72AC924721A}.Debug|Any CPU.ActiveCfg = Debug|Any CPU
		{050AFD37-5F4A-4537-ACD8-E72AC924721A}.Debug|Any CPU.Build.0 = Debug|Any CPU
		{050AFD37-5F4A-4537-ACD8-E72AC924721A}.Release|Any CPU.ActiveCfg = Release|Any CPU
		{050AFD37-5F4A-4537-ACD8-E72AC924721A}.Release|Any CPU.Build.0 = Release|Any CPU
		{B3AA446C-C7DD-4D54-9940-CE86FF9554DC}.Debug|Any CPU.ActiveCfg = Debug|Any CPU
		{B3AA446C-C7DD-4D54-9940-CE86FF9554DC}.Debug|Any CPU.Build.0 = Debug|Any CPU
		{B3AA446C-C7DD-4D54-9940-CE86FF9554DC}.Release|Any CPU.ActiveCfg = Release|Any CPU
		{B3AA446C-C7DD-4D54-9940-CE86FF9554DC}.Release|Any CPU.Build.0 = Release|Any CPU
		{05B70377-257B-4BBB-B612-55112C38CF07}.Debug|Any CPU.ActiveCfg = Debug|Any CPU
		{05B70377-257B-4BBB-B612-55112C38CF07}.Debug|Any CPU.Build.0 = Debug|Any CPU
		{05B70377-257B-4BBB-B612-55112C38CF07}.Release|Any CPU.ActiveCfg = Release|Any CPU
		{05B70377-257B-4BBB-B612-55112C38CF07}.Release|Any CPU.Build.0 = Release|Any CPU
	EndGlobalSection
	GlobalSection(SolutionProperties) = preSolution
		HideSolutionNode = FALSE
	EndGlobalSection
EndGlobal
